// !$*UTF8*$!
{
	archiveVersion = 1;
	classes = {
	};
	objectVersion = 55;
	objects = {

/* Begin PBXBuildFile section */
		4411860D28855CCA00BEE9BE /* UserStorage.swift in Sources */ = {isa = PBXBuildFile; fileRef = 4411860C28855CCA00BEE9BE /* UserStorage.swift */; };
		4411860F2885673400BEE9BE /* User.swift in Sources */ = {isa = PBXBuildFile; fileRef = 4411860E2885673400BEE9BE /* User.swift */; };
		4411861328857E8A00BEE9BE /* RegisterViewController.swift in Sources */ = {isa = PBXBuildFile; fileRef = 4411861228857E8A00BEE9BE /* RegisterViewController.swift */; };
		44428D9428AA82AD00E01A1A /* DishCell.swift in Sources */ = {isa = PBXBuildFile; fileRef = 44428D9328AA82AD00E01A1A /* DishCell.swift */; };
		44428D9828AA9D3500E01A1A /* OrderViewController.swift in Sources */ = {isa = PBXBuildFile; fileRef = 44428D9728AA9D3500E01A1A /* OrderViewController.swift */; };
		44428D9A28AD211400E01A1A /* DishViewController.swift in Sources */ = {isa = PBXBuildFile; fileRef = 44428D9928AD211400E01A1A /* DishViewController.swift */; };
		446E5FA428871F4F00EFCB2B /* Dish.swift in Sources */ = {isa = PBXBuildFile; fileRef = 446E5FA328871F4F00EFCB2B /* Dish.swift */; };
		44AADA082883FB9500341184 /* AppDelegate.swift in Sources */ = {isa = PBXBuildFile; fileRef = 44AADA072883FB9500341184 /* AppDelegate.swift */; };
		44AADA0A2883FB9500341184 /* SceneDelegate.swift in Sources */ = {isa = PBXBuildFile; fileRef = 44AADA092883FB9500341184 /* SceneDelegate.swift */; };
		44AADA0C2883FB9500341184 /* LoginViewController.swift in Sources */ = {isa = PBXBuildFile; fileRef = 44AADA0B2883FB9500341184 /* LoginViewController.swift */; };
		44AADA0F2883FB9500341184 /* Main.storyboard in Resources */ = {isa = PBXBuildFile; fileRef = 44AADA0D2883FB9500341184 /* Main.storyboard */; };
		44AADA112883FB9600341184 /* Assets.xcassets in Resources */ = {isa = PBXBuildFile; fileRef = 44AADA102883FB9600341184 /* Assets.xcassets */; };
		44AADA142883FB9600341184 /* LaunchScreen.storyboard in Resources */ = {isa = PBXBuildFile; fileRef = 44AADA122883FB9600341184 /* LaunchScreen.storyboard */; };
		44DF24EA28B1092D005C59FA /* EditOrderViewController.swift in Sources */ = {isa = PBXBuildFile; fileRef = 44DF24E928B1092D005C59FA /* EditOrderViewController.swift */; };
		44DF24EC28B10C90005C59FA /* EditDishCell.swift in Sources */ = {isa = PBXBuildFile; fileRef = 44DF24EB28B10C90005C59FA /* EditDishCell.swift */; };
		44DF24EE28B24CC1005C59FA /* CheckViewController.swift in Sources */ = {isa = PBXBuildFile; fileRef = 44DF24ED28B24CC1005C59FA /* CheckViewController.swift */; };
		44DF24F428BA48A8005C59FA /* readme.md in Resources */ = {isa = PBXBuildFile; fileRef = 44DF24F328BA48A8005C59FA /* readme.md */; };
/* End PBXBuildFile section */

/* Begin PBXFileReference section */
		4411860C28855CCA00BEE9BE /* UserStorage.swift */ = {isa = PBXFileReference; lastKnownFileType = sourcecode.swift; path = UserStorage.swift; sourceTree = "<group>"; };
		4411860E2885673400BEE9BE /* User.swift */ = {isa = PBXFileReference; lastKnownFileType = sourcecode.swift; path = User.swift; sourceTree = "<group>"; };
		4411861228857E8A00BEE9BE /* RegisterViewController.swift */ = {isa = PBXFileReference; lastKnownFileType = sourcecode.swift; path = RegisterViewController.swift; sourceTree = "<group>"; };
		44428D9328AA82AD00E01A1A /* DishCell.swift */ = {isa = PBXFileReference; lastKnownFileType = sourcecode.swift; path = DishCell.swift; sourceTree = "<group>"; };
		44428D9728AA9D3500E01A1A /* OrderViewController.swift */ = {isa = PBXFileReference; lastKnownFileType = sourcecode.swift; path = OrderViewController.swift; sourceTree = "<group>"; };
		44428D9928AD211400E01A1A /* DishViewController.swift */ = {isa = PBXFileReference; lastKnownFileType = sourcecode.swift; path = DishViewController.swift; sourceTree = "<group>"; };
		446E5FA328871F4F00EFCB2B /* Dish.swift */ = {isa = PBXFileReference; lastKnownFileType = sourcecode.swift; path = Dish.swift; sourceTree = "<group>"; };
		44AADA042883FB9500341184 /* Cafe Maria.app */ = {isa = PBXFileReference; explicitFileType = wrapper.application; includeInIndex = 0; path = "Cafe Maria.app"; sourceTree = BUILT_PRODUCTS_DIR; };
		44AADA072883FB9500341184 /* AppDelegate.swift */ = {isa = PBXFileReference; lastKnownFileType = sourcecode.swift; path = AppDelegate.swift; sourceTree = "<group>"; };
		44AADA092883FB9500341184 /* SceneDelegate.swift */ = {isa = PBXFileReference; lastKnownFileType = sourcecode.swift; path = SceneDelegate.swift; sourceTree = "<group>"; };
		44AADA0B2883FB9500341184 /* LoginViewController.swift */ = {isa = PBXFileReference; lastKnownFileType = sourcecode.swift; path = LoginViewController.swift; sourceTree = "<group>"; };
		44AADA0E2883FB9500341184 /* Base */ = {isa = PBXFileReference; lastKnownFileType = file.storyboard; name = Base; path = Base.lproj/Main.storyboard; sourceTree = "<group>"; };
		44AADA102883FB9600341184 /* Assets.xcassets */ = {isa = PBXFileReference; lastKnownFileType = folder.assetcatalog; path = Assets.xcassets; sourceTree = "<group>"; };
		44AADA132883FB9600341184 /* Base */ = {isa = PBXFileReference; lastKnownFileType = file.storyboard; name = Base; path = Base.lproj/LaunchScreen.storyboard; sourceTree = "<group>"; };
		44AADA152883FB9600341184 /* Info.plist */ = {isa = PBXFileReference; lastKnownFileType = text.plist.xml; path = Info.plist; sourceTree = "<group>"; };
		44DF24E928B1092D005C59FA /* EditOrderViewController.swift */ = {isa = PBXFileReference; lastKnownFileType = sourcecode.swift; path = EditOrderViewController.swift; sourceTree = "<group>"; };
		44DF24EB28B10C90005C59FA /* EditDishCell.swift */ = {isa = PBXFileReference; lastKnownFileType = sourcecode.swift; path = EditDishCell.swift; sourceTree = "<group>"; };
		44DF24ED28B24CC1005C59FA /* CheckViewController.swift */ = {isa = PBXFileReference; lastKnownFileType = sourcecode.swift; path = CheckViewController.swift; sourceTree = "<group>"; };
		44DF24F328BA48A8005C59FA /* readme.md */ = {isa = PBXFileReference; lastKnownFileType = net.daringfireball.markdown; path = readme.md; sourceTree = "<group>"; };
/* End PBXFileReference section */

/* Begin PBXFrameworksBuildPhase section */
		44AADA012883FB9500341184 /* Frameworks */ = {
			isa = PBXFrameworksBuildPhase;
			buildActionMask = 2147483647;
			files = (
			);
			runOnlyForDeploymentPostprocessing = 0;
		};
/* End PBXFrameworksBuildPhase section */

/* Begin PBXGroup section */
		4411860A28855C4900BEE9BE /* Controller */ = {
			isa = PBXGroup;
			children = (
				44AADA0B2883FB9500341184 /* LoginViewController.swift */,
				4411861228857E8A00BEE9BE /* RegisterViewController.swift */,
				44428D9728AA9D3500E01A1A /* OrderViewController.swift */,
				44428D9928AD211400E01A1A /* DishViewController.swift */,
				44DF24E928B1092D005C59FA /* EditOrderViewController.swift */,
				44DF24ED28B24CC1005C59FA /* CheckViewController.swift */,
			);
			path = Controller;
			sourceTree = "<group>";
		};
		4411860B28855C8700BEE9BE /* Storage */ = {
			isa = PBXGroup;
			children = (
				4411860C28855CCA00BEE9BE /* UserStorage.swift */,
			);
			path = Storage;
			sourceTree = "<group>";
		};
		44428D9128AA81AE00E01A1A /* View */ = {
			isa = PBXGroup;
			children = (
				44428D9228AA81BB00E01A1A /* Cells */,
			);
			path = View;
			sourceTree = "<group>";
		};
		44428D9228AA81BB00E01A1A /* Cells */ = {
			isa = PBXGroup;
			children = (
				44428D9328AA82AD00E01A1A /* DishCell.swift */,
				44DF24EB28B10C90005C59FA /* EditDishCell.swift */,
			);
			path = Cells;
			sourceTree = "<group>";
		};
		44AAD9FB2883FB9500341184 = {
			isa = PBXGroup;
			children = (
				44DF24F328BA48A8005C59FA /* readme.md */,
				44AADA062883FB9500341184 /* Cafe Maria */,
				44AADA052883FB9500341184 /* Products */,
			);
			sourceTree = "<group>";
		};
		44AADA052883FB9500341184 /* Products */ = {
			isa = PBXGroup;
			children = (
				44AADA042883FB9500341184 /* Cafe Maria.app */,
			);
			name = Products;
			sourceTree = "<group>";
		};
		44AADA062883FB9500341184 /* Cafe Maria */ = {
			isa = PBXGroup;
			children = (
				44428D9128AA81AE00E01A1A /* View */,
				4411860B28855C8700BEE9BE /* Storage */,
				4411860A28855C4900BEE9BE /* Controller */,
				44AADA1B2883FE2100341184 /* Model */,
				44AADA072883FB9500341184 /* AppDelegate.swift */,
				44AADA092883FB9500341184 /* SceneDelegate.swift */,
				44AADA0D2883FB9500341184 /* Main.storyboard */,
				44AADA102883FB9600341184 /* Assets.xcassets */,
				44AADA122883FB9600341184 /* LaunchScreen.storyboard */,
				44AADA152883FB9600341184 /* Info.plist */,
			);
			path = "Cafe Maria";
			sourceTree = "<group>";
		};
		44AADA1B2883FE2100341184 /* Model */ = {
			isa = PBXGroup;
			children = (
				4411860E2885673400BEE9BE /* User.swift */,
				446E5FA328871F4F00EFCB2B /* Dish.swift */,
			);
			path = Model;
			sourceTree = "<group>";
		};
/* End PBXGroup section */

/* Begin PBXNativeTarget section */
		44AADA032883FB9500341184 /* Cafe Maria */ = {
			isa = PBXNativeTarget;
			buildConfigurationList = 44AADA182883FB9700341184 /* Build configuration list for PBXNativeTarget "Cafe Maria" */;
			buildPhases = (
				44AADA002883FB9500341184 /* Sources */,
				44AADA012883FB9500341184 /* Frameworks */,
				44AADA022883FB9500341184 /* Resources */,
			);
			buildRules = (
			);
			dependencies = (
			);
			name = "Cafe Maria";
			productName = "Cafe Maria";
			productReference = 44AADA042883FB9500341184 /* Cafe Maria.app */;
			productType = "com.apple.product-type.application";
		};
/* End PBXNativeTarget section */

/* Begin PBXProject section */
		44AAD9FC2883FB9500341184 /* Project object */ = {
			isa = PBXProject;
			attributes = {
				BuildIndependentTargetsInParallel = 1;
				LastSwiftUpdateCheck = 1320;
				LastUpgradeCheck = 1320;
				TargetAttributes = {
					44AADA032883FB9500341184 = {
						CreatedOnToolsVersion = 13.2.1;
					};
				};
			};
			buildConfigurationList = 44AAD9FF2883FB9500341184 /* Build configuration list for PBXProject "Cafe Maria" */;
			compatibilityVersion = "Xcode 13.0";
			developmentRegion = en;
			hasScannedForEncodings = 0;
			knownRegions = (
				en,
				Base,
			);
			mainGroup = 44AAD9FB2883FB9500341184;
			productRefGroup = 44AADA052883FB9500341184 /* Products */;
			projectDirPath = "";
			projectRoot = "";
			targets = (
				44AADA032883FB9500341184 /* Cafe Maria */,
			);
		};
/* End PBXProject section */

/* Begin PBXResourcesBuildPhase section */
		44AADA022883FB9500341184 /* Resources */ = {
			isa = PBXResourcesBuildPhase;
			buildActionMask = 2147483647;
			files = (
				44AADA142883FB9600341184 /* LaunchScreen.storyboard in Resources */,
				44AADA112883FB9600341184 /* Assets.xcassets in Resources */,
				44DF24F428BA48A8005C59FA /* readme.md in Resources */,
				44AADA0F2883FB9500341184 /* Main.storyboard in Resources */,
			);
			runOnlyForDeploymentPostprocessing = 0;
		};
/* End PBXResourcesBuildPhase section */

/* Begin PBXSourcesBuildPhase section */
		44AADA002883FB9500341184 /* Sources */ = {
			isa = PBXSourcesBuildPhase;
			buildActionMask = 2147483647;
			files = (
				44DF24EA28B1092D005C59FA /* EditOrderViewController.swift in Sources */,
				44AADA0C2883FB9500341184 /* LoginViewController.swift in Sources */,
				44428D9828AA9D3500E01A1A /* OrderViewController.swift in Sources */,
				44AADA082883FB9500341184 /* AppDelegate.swift in Sources */,
				4411861328857E8A00BEE9BE /* RegisterViewController.swift in Sources */,
				44428D9A28AD211400E01A1A /* DishViewController.swift in Sources */,
				44DF24EE28B24CC1005C59FA /* CheckViewController.swift in Sources */,
				44428D9428AA82AD00E01A1A /* DishCell.swift in Sources */,
				4411860D28855CCA00BEE9BE /* UserStorage.swift in Sources */,
				44AADA0A2883FB9500341184 /* SceneDelegate.swift in Sources */,
				446E5FA428871F4F00EFCB2B /* Dish.swift in Sources */,
				4411860F2885673400BEE9BE /* User.swift in Sources */,
				44DF24EC28B10C90005C59FA /* EditDishCell.swift in Sources */,
			);
			runOnlyForDeploymentPostprocessing = 0;
		};
/* End PBXSourcesBuildPhase section */

/* Begin PBXVariantGroup section */
		44AADA0D2883FB9500341184 /* Main.storyboard */ = {
			isa = PBXVariantGroup;
			children = (
				44AADA0E2883FB9500341184 /* Base */,
			);
			name = Main.storyboard;
			sourceTree = "<group>";
		};
		44AADA122883FB9600341184 /* LaunchScreen.storyboard */ = {
			isa = PBXVariantGroup;
			children = (
				44AADA132883FB9600341184 /* Base */,
			);
			name = LaunchScreen.storyboard;
			sourceTree = "<group>";
		};
/* End PBXVariantGroup section */

/* Begin XCBuildConfiguration section */
		44AADA162883FB9600341184 /* Debug */ = {
			isa = XCBuildConfiguration;
			buildSettings = {
				ALWAYS_SEARCH_USER_PATHS = NO;
				CLANG_ANALYZER_NONNULL = YES;
				CLANG_ANALYZER_NUMBER_OBJECT_CONVERSION = YES_AGGRESSIVE;
				CLANG_CXX_LANGUAGE_STANDARD = "gnu++17";
				CLANG_CXX_LIBRARY = "libc++";
				CLANG_ENABLE_MODULES = YES;
				CLANG_ENABLE_OBJC_ARC = YES;
				CLANG_ENABLE_OBJC_WEAK = YES;
				CLANG_WARN_BLOCK_CAPTURE_AUTORELEASING = YES;
				CLANG_WARN_BOOL_CONVERSION = YES;
				CLANG_WARN_COMMA = YES;
				CLANG_WARN_CONSTANT_CONVERSION = YES;
				CLANG_WARN_DEPRECATED_OBJC_IMPLEMENTATIONS = YES;
				CLANG_WARN_DIRECT_OBJC_ISA_USAGE = YES_ERROR;
				CLANG_WARN_DOCUMENTATION_COMMENTS = YES;
				CLANG_WARN_EMPTY_BODY = YES;
				CLANG_WARN_ENUM_CONVERSION = YES;
				CLANG_WARN_INFINITE_RECURSION = YES;
				CLANG_WARN_INT_CONVERSION = YES;
				CLANG_WARN_NON_LITERAL_NULL_CONVERSION = YES;
				CLANG_WARN_OBJC_IMPLICIT_RETAIN_SELF = YES;
				CLANG_WARN_OBJC_LITERAL_CONVERSION = YES;
				CLANG_WARN_OBJC_ROOT_CLASS = YES_ERROR;
				CLANG_WARN_QUOTED_INCLUDE_IN_FRAMEWORK_HEADER = YES;
				CLANG_WARN_RANGE_LOOP_ANALYSIS = YES;
				CLANG_WARN_STRICT_PROTOTYPES = YES;
				CLANG_WARN_SUSPICIOUS_MOVE = YES;
				CLANG_WARN_UNGUARDED_AVAILABILITY = YES_AGGRESSIVE;
				CLANG_WARN_UNREACHABLE_CODE = YES;
				CLANG_WARN__DUPLICATE_METHOD_MATCH = YES;
				COPY_PHASE_STRIP = NO;
				DEBUG_INFORMATION_FORMAT = dwarf;
				ENABLE_STRICT_OBJC_MSGSEND = YES;
				ENABLE_TESTABILITY = YES;
				GCC_C_LANGUAGE_STANDARD = gnu11;
				GCC_DYNAMIC_NO_PIC = NO;
				GCC_NO_COMMON_BLOCKS = YES;
				GCC_OPTIMIZATION_LEVEL = 0;
				GCC_PREPROCESSOR_DEFINITIONS = (
					"DEBUG=1",
					"$(inherited)",
				);
				GCC_WARN_64_TO_32_BIT_CONVERSION = YES;
				GCC_WARN_ABOUT_RETURN_TYPE = YES_ERROR;
				GCC_WARN_UNDECLARED_SELECTOR = YES;
				GCC_WARN_UNINITIALIZED_AUTOS = YES_AGGRESSIVE;
				GCC_WARN_UNUSED_FUNCTION = YES;
				GCC_WARN_UNUSED_VARIABLE = YES;
				IPHONEOS_DEPLOYMENT_TARGET = 15.2;
				MTL_ENABLE_DEBUG_INFO = INCLUDE_SOURCE;
				MTL_FAST_MATH = YES;
				ONLY_ACTIVE_ARCH = YES;
				SDKROOT = iphoneos;
				SWIFT_ACTIVE_COMPILATION_CONDITIONS = DEBUG;
				SWIFT_OPTIMIZATION_LEVEL = "-Onone";
			};
			name = Debug;
		};
		44AADA172883FB9600341184 /* Release */ = {
			isa = XCBuildConfiguration;
			buildSettings = {
				ALWAYS_SEARCH_USER_PATHS = NO;
				CLANG_ANALYZER_NONNULL = YES;
				CLANG_ANALYZER_NUMBER_OBJECT_CONVERSION = YES_AGGRESSIVE;
				CLANG_CXX_LANGUAGE_STANDARD = "gnu++17";
				CLANG_CXX_LIBRARY = "libc++";
				CLANG_ENABLE_MODULES = YES;
				CLANG_ENABLE_OBJC_ARC = YES;
				CLANG_ENABLE_OBJC_WEAK = YES;
				CLANG_WARN_BLOCK_CAPTURE_AUTORELEASING = YES;
				CLANG_WARN_BOOL_CONVERSION = YES;
				CLANG_WARN_COMMA = YES;
				CLANG_WARN_CONSTANT_CONVERSION = YES;
				CLANG_WARN_DEPRECATED_OBJC_IMPLEMENTATIONS = YES;
				CLANG_WARN_DIRECT_OBJC_ISA_USAGE = YES_ERROR;
				CLANG_WARN_DOCUMENTATION_COMMENTS = YES;
				CLANG_WARN_EMPTY_BODY = YES;
				CLANG_WARN_ENUM_CONVERSION = YES;
				CLANG_WARN_INFINITE_RECURSION = YES;
				CLANG_WARN_INT_CONVERSION = YES;
				CLANG_WARN_NON_LITERAL_NULL_CONVERSION = YES;
				CLANG_WARN_OBJC_IMPLICIT_RETAIN_SELF = YES;
				CLANG_WARN_OBJC_LITERAL_CONVERSION = YES;
				CLANG_WARN_OBJC_ROOT_CLASS = YES_ERROR;
				CLANG_WARN_QUOTED_INCLUDE_IN_FRAMEWORK_HEADER = YES;
				CLANG_WARN_RANGE_LOOP_ANALYSIS = YES;
				CLANG_WARN_STRICT_PROTOTYPES = YES;
				CLANG_WARN_SUSPICIOUS_MOVE = YES;
				CLANG_WARN_UNGUARDED_AVAILABILITY = YES_AGGRESSIVE;
				CLANG_WARN_UNREACHABLE_CODE = YES;
				CLANG_WARN__DUPLICATE_METHOD_MATCH = YES;
				COPY_PHASE_STRIP = NO;
				DEBUG_INFORMATION_FORMAT = "dwarf-with-dsym";
				ENABLE_NS_ASSERTIONS = NO;
				ENABLE_STRICT_OBJC_MSGSEND = YES;
				GCC_C_LANGUAGE_STANDARD = gnu11;
				GCC_NO_COMMON_BLOCKS = YES;
				GCC_WARN_64_TO_32_BIT_CONVERSION = YES;
				GCC_WARN_ABOUT_RETURN_TYPE = YES_ERROR;
				GCC_WARN_UNDECLARED_SELECTOR = YES;
				GCC_WARN_UNINITIALIZED_AUTOS = YES_AGGRESSIVE;
				GCC_WARN_UNUSED_FUNCTION = YES;
				GCC_WARN_UNUSED_VARIABLE = YES;
				IPHONEOS_DEPLOYMENT_TARGET = 15.2;
				MTL_ENABLE_DEBUG_INFO = NO;
				MTL_FAST_MATH = YES;
				SDKROOT = iphoneos;
				SWIFT_COMPILATION_MODE = wholemodule;
				SWIFT_OPTIMIZATION_LEVEL = "-O";
				VALIDATE_PRODUCT = YES;
			};
			name = Release;
		};
		44AADA192883FB9700341184 /* Debug */ = {
			isa = XCBuildConfiguration;
			buildSettings = {
				ASSETCATALOG_COMPILER_APPICON_NAME = AppIcon;
				ASSETCATALOG_COMPILER_GLOBAL_ACCENT_COLOR_NAME = AccentColor;
				CODE_SIGN_STYLE = Automatic;
				CURRENT_PROJECT_VERSION = 1;
				GENERATE_INFOPLIST_FILE = YES;
				INFOPLIST_FILE = "Cafe Maria/Info.plist";
				INFOPLIST_KEY_UIApplicationSupportsIndirectInputEvents = YES;
				INFOPLIST_KEY_UILaunchStoryboardName = LaunchScreen;
				INFOPLIST_KEY_UIMainStoryboardFile = Main;
				INFOPLIST_KEY_UISupportedInterfaceOrientations_iPad = "UIInterfaceOrientationPortrait UIInterfaceOrientationPortraitUpsideDown UIInterfaceOrientationLandscapeLeft UIInterfaceOrientationLandscapeRight";
				INFOPLIST_KEY_UISupportedInterfaceOrientations_iPhone = "UIInterfaceOrientationPortrait UIInterfaceOrientationLandscapeLeft UIInterfaceOrientationLandscapeRight";
				LD_RUNPATH_SEARCH_PATHS = (
					"$(inherited)",
					"@executable_path/Frameworks",
				);
				MARKETING_VERSION = 1.0;
				PRODUCT_BUNDLE_IDENTIFIER = "vovka-2401.Cafe-Maria";
				PRODUCT_NAME = "$(TARGET_NAME)";
				SWIFT_EMIT_LOC_STRINGS = YES;
				SWIFT_VERSION = 5.0;
				TARGETED_DEVICE_FAMILY = "1,2";
			};
			name = Debug;
		};
		44AADA1A2883FB9700341184 /* Release */ = {
			isa = XCBuildConfiguration;
			buildSettings = {
				ASSETCATALOG_COMPILER_APPICON_NAME = AppIcon;
				ASSETCATALOG_COMPILER_GLOBAL_ACCENT_COLOR_NAME = AccentColor;
				CODE_SIGN_STYLE = Automatic;
				CURRENT_PROJECT_VERSION = 1;
				GENERATE_INFOPLIST_FILE = YES;
				INFOPLIST_FILE = "Cafe Maria/Info.plist";
				INFOPLIST_KEY_UIApplicationSupportsIndirectInputEvents = YES;
				INFOPLIST_KEY_UILaunchStoryboardName = LaunchScreen;
				INFOPLIST_KEY_UIMainStoryboardFile = Main;
				INFOPLIST_KEY_UISupportedInterfaceOrientations_iPad = "UIInterfaceOrientationPortrait UIInterfaceOrientationPortraitUpsideDown UIInterfaceOrientationLandscapeLeft UIInterfaceOrientationLandscapeRight";
				INFOPLIST_KEY_UISupportedInterfaceOrientations_iPhone = "UIInterfaceOrientationPortrait UIInterfaceOrientationLandscapeLeft UIInterfaceOrientationLandscapeRight";
				LD_RUNPATH_SEARCH_PATHS = (
					"$(inherited)",
					"@executable_path/Frameworks",
				);
				MARKETING_VERSION = 1.0;
				PRODUCT_BUNDLE_IDENTIFIER = "vovka-2401.Cafe-Maria";
				PRODUCT_NAME = "$(TARGET_NAME)";
				SWIFT_EMIT_LOC_STRINGS = YES;
				SWIFT_VERSION = 5.0;
				TARGETED_DEVICE_FAMILY = "1,2";
			};
			name = Release;
		};
/* End XCBuildConfiguration section */

/* Begin XCConfigurationList section */
		44AAD9FF2883FB9500341184 /* Build configuration list for PBXProject "Cafe Maria" */ = {
			isa = XCConfigurationList;
			buildConfigurations = (
				44AADA162883FB9600341184 /* Debug */,
				44AADA172883FB9600341184 /* Release */,
			);
			defaultConfigurationIsVisible = 0;
			defaultConfigurationName = Release;
		};
		44AADA182883FB9700341184 /* Build configuration list for PBXNativeTarget "Cafe Maria" */ = {
			isa = XCConfigurationList;
			buildConfigurations = (
				44AADA192883FB9700341184 /* Debug */,
				44AADA1A2883FB9700341184 /* Release */,
			);
			defaultConfigurationIsVisible = 0;
			defaultConfigurationName = Release;
		};
/* End XCConfigurationList section */
	};
	rootObject = 44AAD9FC2883FB9500341184 /* Project object */;
}
